
Microsoft Visual Studio Solution File, Format Version 12.00
# Visual Studio Version 17
VisualStudioVersion = 17.5.002.0
MinimumVisualStudioVersion = 10.0.40219.1
Project("{9A19103F-16F7-4668-BE54-9A1E7A4F7556}") = "FinalDemo", "FinalDemo.csproj", "{E8B1086F-D7C6-447E-B995-17B5B7B21E47}"
EndProject
Global
	GlobalSection(SolutionConfigurationPlatforms) = preSolution
		Debug|Any CPU = Debug|Any CPU
		Release|Any CPU = Release|Any CPU
	EndGlobalSection
	GlobalSection(ProjectConfigurationPlatforms) = postSolution
		{E8B1086F-D7C6-447E-B995-17B5B7B21E47}.Debug|Any CPU.ActiveCfg = Debug|Any CPU
		{E8B1086F-D7C6-447E-B995-17B5B7B21E47}.Debug|Any CPU.Build.0 = Debug|Any CPU
		{E8B1086F-D7C6-447E-B995-17B5B7B21E47}.Release|Any CPU.ActiveCfg = Release|Any CPU
		{E8B1086F-D7C6-447E-B995-17B5B7B21E47}.Release|Any CPU.Build.0 = Release|Any CPU
	EndGlobalSection
	GlobalSection(SolutionProperties) = preSolution
		HideSolutionNode = FALSE
	EndGlobalSection
	GlobalSection(ExtensibilityGlobals) = postSolution
		SolutionGuid = {33FDC8D6-2DB7-4DC8-9B89-5EA673FC7952}
	EndGlobalSection
EndGlobal
